{
  "requires": true,
  "lockfileVersion": 1,
  "dependencies": {
    "mobx": {
      "version": "5.15.0",
      "resolved": "https://registry.npmjs.org/mobx/-/mobx-5.15.0.tgz",
      "integrity": "sha512-Ax7vE32zBRgO0A3Yu12RXaFwIhBzpGQXZjRHiDvKLrqpDEijhNTSuXJ1Ci+L30BSa/Mb3by9+3nuKq15YoH5dA=="
    },
    "mobx-react": {
      "version": "6.1.4",
      "resolved": "https://registry.npmjs.org/mobx-react/-/mobx-react-6.1.4.tgz",
      "integrity": "sha512-wzrJF1RflhyLh8ne4FJfMbG8ZgRFmZ62b4nbyhJzwQpAmrkSnSsAWG9mIff4ffV/Q7OU+uOYf7rXvSmiuUe4cw==",
      "requires": {
        "mobx-react-lite": "^1.4.2"
      }
    },
    "mobx-react-lite": {
      "version": "1.5.1",
      "resolved": "https://registry.npmjs.org/mobx-react-lite/-/mobx-react-lite-1.5.1.tgz",
      "integrity": "sha512-40Gn8hFq+MuNHqCaeSo2adN4WvpWkIeSYZVJWzRzm0rbEf0BFow6Ir9IefErql0pX9q650TN1JAQXvrXxKR8Mg=="
    }
  }
}
